
Microsoft Visual Studio Solution File, Format Version 12.00
# Visual Studio Version 17
VisualStudioVersion = 17.14.36603.0 d17.14
MinimumVisualStudioVersion = 10.0.40219.1
Project("{FAE04EC0-301F-11D3-BF4B-00C04F79EFBC}") = "otopark2", "WinFormsApp3\otopark2.csproj", "{C923F3CE-C001-49C8-91B5-CEFE88C82A55}"
EndProject
Global
	GlobalSection(SolutionConfigurationPlatforms) = preSolution
		Debug|Any CPU = Debug|Any CPU
		Release|Any CPU = Release|Any CPU
	EndGlobalSection
	GlobalSection(ProjectConfigurationPlatforms) = postSolution
		{C923F3CE-C001-49C8-91B5-CEFE88C82A55}.Debug|Any CPU.ActiveCfg = Debug|Any CPU
		{C923F3CE-C001-49C8-91B5-CEFE88C82A55}.Debug|Any CPU.Build.0 = Debug|Any CPU
		{C923F3CE-C001-49C8-91B5-CEFE88C82A55}.Release|Any CPU.ActiveCfg = Release|Any CPU
		{C923F3CE-C001-49C8-91B5-CEFE88C82A55}.Release|Any CPU.Build.0 = Release|Any CPU
	EndGlobalSection
	GlobalSection(SolutionProperties) = preSolution
		HideSolutionNode = FALSE
	EndGlobalSection
	GlobalSection(ExtensibilityGlobals) = postSolution
		SolutionGuid = {ABA32BDB-CCCD-4B03-8272-A0DF0859629B}
	EndGlobalSection
EndGlobal
